
Microsoft Visual Studio Solution File, Format Version 12.00
# Visual Studio Version 17
VisualStudioVersion = 17.4.33205.214
MinimumVisualStudioVersion = 10.0.40219.1
Project("{FAE04EC0-301F-11D3-BF4B-00C04F79EFBC}") = "MealsOrderAPI", "MealsOrderAPI\MealsOrderAPI.csproj", "{F7A8C74B-DFBD-49F7-B26D-F5C6652E0ACE}"
EndProject
Global
	GlobalSection(SolutionConfigurationPlatforms) = preSolution
		Debug|Any CPU = Debug|Any CPU
		Release|Any CPU = Release|Any CPU
	EndGlobalSection
	GlobalSection(ProjectConfigurationPlatforms) = postSolution
		{F7A8C74B-DFBD-49F7-B26D-F5C6652E0ACE}.Debug|Any CPU.ActiveCfg = Debug|Any CPU
		{F7A8C74B-DFBD-49F7-B26D-F5C6652E0ACE}.Debug|Any CPU.Build.0 = Debug|Any CPU
		{F7A8C74B-DFBD-49F7-B26D-F5C6652E0ACE}.Release|Any CPU.ActiveCfg = Release|Any CPU
		{F7A8C74B-DFBD-49F7-B26D-F5C6652E0ACE}.Release|Any CPU.Build.0 = Release|Any CPU
	EndGlobalSection
	GlobalSection(SolutionProperties) = preSolution
		HideSolutionNode = FALSE
	EndGlobalSection
	GlobalSection(ExtensibilityGlobals) = postSolution
		SolutionGuid = {91BF4CD0-C0A5-47BF-92D3-E1200AEDA36E}
	EndGlobalSection
EndGlobal
